hash: 2a10c3e58d53ed19018e8f2190c6c8cc4d49a3fafbf5f6fa91cb22d53e061485
updated: 2019-03-12T16:57:14.017746-07:00
imports:
- name: github.com/BurntSushi/xgb
  version: 27f122750802c950b2c869a5b63dafcf590ced95
  subpackages:
  - shape
  - xinerama
  - xproto
- name: github.com/BurntSushi/xgbutil
  version: f7c97cef3b4e6c88280a5a7091c3314e815ca243
  subpackages:
  - ewmh
  - xevent
  - xprop
- name: github.com/go-ole/go-ole
  version: 97b6244175ae18ea6eef668034fd6565847501c9
  subpackages:
  - oleutil
- name: github.com/go-vgo/robotgo
  version: 193b4935d4b146c729d763c2c59a0d3e7f3cee8a
  subpackages:
  - clipboard
- name: github.com/lxn/win
  version: 0040366d745006bbf7528ac96de2de375846aa79
- name: github.com/otiai10/gosseract
  version: ca64adaa320dc563d0966d58d3811512cb3362dc
- name: github.com/robotn/gohook
  version: bbbbefb5ff8541a05870596ea081ad8581b5879f
- name: github.com/shirou/gopsutil
  version: 27ec6a0789cefd42d1aa3ea7455b48fce7a401db
  subpackages:
  - cpu
  - host
  - internal/common
  - mem
  - net
  - process
- name: github.com/shirou/w32
  version: bb4de0191aa41b5507caa14b0650cdbddcd9280b
- name: github.com/StackExchange/wmi
  version: e0a55b97c70558c92ce14085e41b35a894e93d3d
- name: github.com/vcaesar/imgo
  version: 13af122cf2fa6117048933e141c0b52f19116ca6
- name: golang.org/x/image
  version: 0694c2d4d067f97ebef574d63a763ee8ab559da7
  subpackages:
  - bmp
- name: golang.org/x/sys
  version: fead79001313d15903fb4605b4a1b781532cd93e
  subpackages:
  - unix
  - windows
testImports: []
