hash: 38008df6eebeb04c3f91b8d4714657820242df68d776e51e5f4aab6a1de00bdf
updated: 2019-03-20T15:29:28.725068-07:00
imports:
- name: github.com/BurntSushi/xgb
  version: 27f122750802c950b2c869a5b63dafcf590ced95
  subpackages:
  - shape
  - xinerama
  - xproto
- name: github.com/BurntSushi/xgbutil
  version: f7c97cef3b4e6c88280a5a7091c3314e815ca243
  subpackages:
  - ewmh
  - xevent
  - xprop
- name: github.com/go-ole/go-ole
  version: 97b6244175ae18ea6eef668034fd6565847501c9
  subpackages:
  - oleutil
- name: github.com/go-vgo/robotgo
  version: 193b4935d4b146c729d763c2c59a0d3e7f3cee8a
  subpackages:
  - clipboard
- name: github.com/konsorten/go-windows-terminal-sequences
  version: f55edac94c9bbba5d6182a4be46d86a2c9b5b50e
- name: github.com/lxn/win
  version: 0040366d745006bbf7528ac96de2de375846aa79
- name: github.com/otiai10/gosseract
  version: d442e510d0b37ec1f332a61a04e323ecee91d0cb
- name: github.com/robotn/gohook
  version: a7a38946710e764b00839160e13a92b09e40e96a
- name: github.com/shirou/gopsutil
  version: 381f7cc0bf4ccb60157fd5c6eaabfdfc681e6c2f
  subpackages:
  - cpu
  - host
  - internal/common
  - mem
  - net
  - process
- name: github.com/shirou/w32
  version: bb4de0191aa41b5507caa14b0650cdbddcd9280b
- name: github.com/sirupsen/logrus
  version: dae0fa8d5b0c810a8ab733fbd5510c7cae84eca4
- name: github.com/StackExchange/wmi
  version: e0a55b97c70558c92ce14085e41b35a894e93d3d
- name: github.com/vcaesar/imgo
  version: 13af122cf2fa6117048933e141c0b52f19116ca6
- name: golang.org/x/crypto
  version: a1f597ede03a7bef967a422b5b3a5bd08805a01e
  subpackages:
  - ssh/terminal
- name: golang.org/x/image
  version: 0694c2d4d067f97ebef574d63a763ee8ab559da7
  subpackages:
  - bmp
- name: golang.org/x/sys
  version: 6c81ef8f67ca3f42fc9cd71dfbd5f35b0c4b5771
  subpackages:
  - unix
  - windows
testImports: []
